
Microsoft Visual Studio Solution File, Format Version 12.00
# Visual Studio 14
VisualStudioVersion = 14.0.25420.1
MinimumVisualStudioVersion = 10.0.40219.1
Project("{FAE04EC0-301F-11D3-BF4B-00C04F79EFBC}") = "SolutionControl", "SolutionControl\SolutionControl.csproj", "{207B57B3-452A-4EF5-A80C-C4FF8E235996}"
EndProject
Project("{FAE04EC0-301F-11D3-BF4B-00C04F79EFBC}") = "ProcessControl", "ProcessControl\ProcessControl.csproj", "{CC2348DE-3C72-466F-A9B5-4DC5DE7F330B}"
EndProject
Project("{FAE04EC0-301F-11D3-BF4B-00C04F79EFBC}") = "CircleFind", "CircleFind\CircleFind.csproj", "{42B5CF2F-8652-4DA3-AE8E-2DC3A30DEEB1}"
EndProject
Project("{FAE04EC0-301F-11D3-BF4B-00C04F79EFBC}") = "GroupControl", "GroupControl\GroupControl.csproj", "{BDF8CC25-BF58-4F74-9B12-7BEA3DE112CD}"
EndProject
Project("{FAE04EC0-301F-11D3-BF4B-00C04F79EFBC}") = "FrontendControl", "FrontendControl\FrontendControl.csproj", "{B6A076B2-90D8-442E-8090-DABE723B9461}"
EndProject
Global
	GlobalSection(SolutionConfigurationPlatforms) = preSolution
		Debug|Any CPU = Debug|Any CPU
		Release|Any CPU = Release|Any CPU
	EndGlobalSection
	GlobalSection(ProjectConfigurationPlatforms) = postSolution
		{207B57B3-452A-4EF5-A80C-C4FF8E235996}.Debug|Any CPU.ActiveCfg = Debug|Any CPU
		{207B57B3-452A-4EF5-A80C-C4FF8E235996}.Debug|Any CPU.Build.0 = Debug|Any CPU
		{207B57B3-452A-4EF5-A80C-C4FF8E235996}.Release|Any CPU.ActiveCfg = Release|Any CPU
		{207B57B3-452A-4EF5-A80C-C4FF8E235996}.Release|Any CPU.Build.0 = Release|Any CPU
		{CC2348DE-3C72-466F-A9B5-4DC5DE7F330B}.Debug|Any CPU.ActiveCfg = Debug|Any CPU
		{CC2348DE-3C72-466F-A9B5-4DC5DE7F330B}.Debug|Any CPU.Build.0 = Debug|Any CPU
		{CC2348DE-3C72-466F-A9B5-4DC5DE7F330B}.Release|Any CPU.ActiveCfg = Release|Any CPU
		{CC2348DE-3C72-466F-A9B5-4DC5DE7F330B}.Release|Any CPU.Build.0 = Release|Any CPU
		{42B5CF2F-8652-4DA3-AE8E-2DC3A30DEEB1}.Debug|Any CPU.ActiveCfg = Debug|Any CPU
		{42B5CF2F-8652-4DA3-AE8E-2DC3A30DEEB1}.Debug|Any CPU.Build.0 = Debug|Any CPU
		{42B5CF2F-8652-4DA3-AE8E-2DC3A30DEEB1}.Release|Any CPU.ActiveCfg = Release|Any CPU
		{42B5CF2F-8652-4DA3-AE8E-2DC3A30DEEB1}.Release|Any CPU.Build.0 = Release|Any CPU
		{BDF8CC25-BF58-4F74-9B12-7BEA3DE112CD}.Debug|Any CPU.ActiveCfg = Debug|Any CPU
		{BDF8CC25-BF58-4F74-9B12-7BEA3DE112CD}.Debug|Any CPU.Build.0 = Debug|Any CPU
		{BDF8CC25-BF58-4F74-9B12-7BEA3DE112CD}.Release|Any CPU.ActiveCfg = Release|Any CPU
		{BDF8CC25-BF58-4F74-9B12-7BEA3DE112CD}.Release|Any CPU.Build.0 = Release|Any CPU
		{B6A076B2-90D8-442E-8090-DABE723B9461}.Debug|Any CPU.ActiveCfg = Debug|Any CPU
		{B6A076B2-90D8-442E-8090-DABE723B9461}.Debug|Any CPU.Build.0 = Debug|Any CPU
		{B6A076B2-90D8-442E-8090-DABE723B9461}.Release|Any CPU.ActiveCfg = Release|Any CPU
		{B6A076B2-90D8-442E-8090-DABE723B9461}.Release|Any CPU.Build.0 = Release|Any CPU
	EndGlobalSection
	GlobalSection(SolutionProperties) = preSolution
		HideSolutionNode = FALSE
	EndGlobalSection
	GlobalSection(ExtensibilityGlobals) = postSolution
		SolutionGuid = {2EF3EFF1-CED0-4739-86AE-E8BE164A7FF9}
	EndGlobalSection
EndGlobal
